{
  "name": "hello-world",
  "version": "1.0.0",
  "lockfileVersion": 1,
  "requires": true,
  "dependencies": {
    "lodash": {
      "version": "4.17.17",
      "resolved": "https://registry.npmjs.org/lodash/-/lodash-4.17.17.tgz",
      "integrity": "sha512-/B2DjOphAoqi5BX4Gg2oh4UR0Gy/A7xYAMh3aSECEKzwS3eCDEpS0Cals1Ktvxwlal3bBJNc+5W9kNIcADdw5Q=="
    }
  }
}
